
Microsoft Visual Studio Solution File, Format Version 12.00
# Visual Studio Version 17
VisualStudioVersion = 17.9.34902.65
MinimumVisualStudioVersion = 10.0.40219.1
Project("{8BC9CEB8-8B4A-11D0-8D11-00A0C91BC942}") = "AquaXP", "AquaXP\AquaXP.vcxproj", "{92F782B3-308D-438C-98B8-CAF561CA03C7}"
EndProject
Project("{2150E333-8FDC-42A3-9474-1A3956D46DE8}") = "Solution Items", "Solution Items", "{76B5385D-EDAE-4BA3-927B-48A4EFBB738A}"
	ProjectSection(SolutionItems) = preProject
		README.md = README.md
	EndProjectSection
EndProject
Global
	GlobalSection(SolutionConfigurationPlatforms) = preSolution
		Debug|x64 = Debug|x64
		Debug|x86 = Debug|x86
		Release|x64 = Release|x64
		Release|x86 = Release|x86
	EndGlobalSection
	GlobalSection(ProjectConfigurationPlatforms) = postSolution
		{92F782B3-308D-438C-98B8-CAF561CA03C7}.Debug|x64.ActiveCfg = Debug|x64
		{92F782B3-308D-438C-98B8-CAF561CA03C7}.Debug|x64.Build.0 = Debug|x64
		{92F782B3-308D-438C-98B8-CAF561CA03C7}.Debug|x86.ActiveCfg = Debug|Win32
		{92F782B3-308D-438C-98B8-CAF561CA03C7}.Debug|x86.Build.0 = Debug|Win32
		{92F782B3-308D-438C-98B8-CAF561CA03C7}.Release|x64.ActiveCfg = Release|x64
		{92F782B3-308D-438C-98B8-CAF561CA03C7}.Release|x64.Build.0 = Release|x64
		{92F782B3-308D-438C-98B8-CAF561CA03C7}.Release|x86.ActiveCfg = Release|Win32
		{92F782B3-308D-438C-98B8-CAF561CA03C7}.Release|x86.Build.0 = Release|Win32
	EndGlobalSection
	GlobalSection(SolutionProperties) = preSolution
		HideSolutionNode = FALSE
	EndGlobalSection
	GlobalSection(ExtensibilityGlobals) = postSolution
		SolutionGuid = {78321CF5-7F0B-4EE4-8632-06AE3A3BA8C7}
	EndGlobalSection
EndGlobal
